
Microsoft Visual Studio Solution File, Format Version 12.00
# Visual Studio Version 17
VisualStudioVersion = 17.7.34024.191
MinimumVisualStudioVersion = 10.0.40219.1
Project("{FAE04EC0-301F-11D3-BF4B-00C04F79EFBC}") = "WpfApp1", "WpfApp1\WpfApp1.csproj", "{2E8C04B7-7131-4BDE-8D56-288C488F55BC}"
EndProject
Global
	GlobalSection(SolutionConfigurationPlatforms) = preSolution
		Debug|Any CPU = Debug|Any CPU
		Release|Any CPU = Release|Any CPU
	EndGlobalSection
	GlobalSection(ProjectConfigurationPlatforms) = postSolution
		{2E8C04B7-7131-4BDE-8D56-288C488F55BC}.Debug|Any CPU.ActiveCfg = Debug|Any CPU
		{2E8C04B7-7131-4BDE-8D56-288C488F55BC}.Debug|Any CPU.Build.0 = Debug|Any CPU
		{2E8C04B7-7131-4BDE-8D56-288C488F55BC}.Release|Any CPU.ActiveCfg = Release|Any CPU
		{2E8C04B7-7131-4BDE-8D56-288C488F55BC}.Release|Any CPU.Build.0 = Release|Any CPU
	EndGlobalSection
	GlobalSection(SolutionProperties) = preSolution
		HideSolutionNode = FALSE
	EndGlobalSection
	GlobalSection(ExtensibilityGlobals) = postSolution
		SolutionGuid = {556810FB-2613-47DA-A420-AF8355EB46E2}
	EndGlobalSection
EndGlobal
